{
  "name": "log-generator",
  "version": "1.0.0",
  "lockfileVersion": 3,
  "requires": true,
  "packages": {
    "": {
      "name": "log-generator",
      "version": "1.0.0",
      "dependencies": {
        "logger-module": "file:../logger-module"
      }
    },
    "../logger-module": {
      "version": "1.0.0"
    },
    "node_modules/logger-module": {
      "resolved": "../logger-module",
      "link": true
    }
  }
}
